
Microsoft Visual Studio Solution File, Format Version 12.00
# Visual Studio Version 16
VisualStudioVersion = 16.0.31205.134
MinimumVisualStudioVersion = 10.0.40219.1
Project("{8BC9CEB8-8B4A-11D0-8D11-00A0C91BC942}") = "Prog1RPN", "Prog1RPN\Prog1RPN.vcxproj", "{ABCD5716-D157-4BDF-B449-766CAF34B058}"
EndProject
Global
	GlobalSection(SolutionConfigurationPlatforms) = preSolution
		Debug|x64 = Debug|x64
		Debug|x86 = Debug|x86
		Release|x64 = Release|x64
		Release|x86 = Release|x86
	EndGlobalSection
	GlobalSection(ProjectConfigurationPlatforms) = postSolution
		{ABCD5716-D157-4BDF-B449-766CAF34B058}.Debug|x64.ActiveCfg = Debug|x64
		{ABCD5716-D157-4BDF-B449-766CAF34B058}.Debug|x64.Build.0 = Debug|x64
		{ABCD5716-D157-4BDF-B449-766CAF34B058}.Debug|x86.ActiveCfg = Debug|Win32
		{ABCD5716-D157-4BDF-B449-766CAF34B058}.Debug|x86.Build.0 = Debug|Win32
		{ABCD5716-D157-4BDF-B449-766CAF34B058}.Release|x64.ActiveCfg = Release|x64
		{ABCD5716-D157-4BDF-B449-766CAF34B058}.Release|x64.Build.0 = Release|x64
		{ABCD5716-D157-4BDF-B449-766CAF34B058}.Release|x86.ActiveCfg = Release|Win32
		{ABCD5716-D157-4BDF-B449-766CAF34B058}.Release|x86.Build.0 = Release|Win32
	EndGlobalSection
	GlobalSection(SolutionProperties) = preSolution
		HideSolutionNode = FALSE
	EndGlobalSection
	GlobalSection(ExtensibilityGlobals) = postSolution
		SolutionGuid = {39521015-AD53-48AD-8E50-60864D6566F2}
	EndGlobalSection
EndGlobal
